
Microsoft Visual Studio Solution File, Format Version 12.00
# Visual Studio Version 17
VisualStudioVersion = 17.3.32901.215
MinimumVisualStudioVersion = 10.0.40219.1
Project("{FAE04EC0-301F-11D3-BF4B-00C04F79EFBC}") = "Pig Latin", "Pig Latin\Pig Latin.csproj", "{4D250C1B-1A2E-4A56-A6E9-CDD3D6569B14}"
EndProject
Global
	GlobalSection(SolutionConfigurationPlatforms) = preSolution
		Debug|Any CPU = Debug|Any CPU
		Release|Any CPU = Release|Any CPU
	EndGlobalSection
	GlobalSection(ProjectConfigurationPlatforms) = postSolution
		{4D250C1B-1A2E-4A56-A6E9-CDD3D6569B14}.Debug|Any CPU.ActiveCfg = Debug|Any CPU
		{4D250C1B-1A2E-4A56-A6E9-CDD3D6569B14}.Debug|Any CPU.Build.0 = Debug|Any CPU
		{4D250C1B-1A2E-4A56-A6E9-CDD3D6569B14}.Release|Any CPU.ActiveCfg = Release|Any CPU
		{4D250C1B-1A2E-4A56-A6E9-CDD3D6569B14}.Release|Any CPU.Build.0 = Release|Any CPU
	EndGlobalSection
	GlobalSection(SolutionProperties) = preSolution
		HideSolutionNode = FALSE
	EndGlobalSection
	GlobalSection(ExtensibilityGlobals) = postSolution
		SolutionGuid = {49A33057-9C23-4C6D-9595-A2E4338DBBFE}
	EndGlobalSection
EndGlobal
